{
  "name": "uifw-components-base",
  "version": "2.0.0",
  "dependencies": {
    "angucomplete-alt": {
      "version": "2.4.2",
      "from": "angucomplete-alt@2.4.2",
      "resolved": "https://registry.npmjs.org/angucomplete-alt/-/angucomplete-alt-2.4.2.tgz"
    },
    "angular": {
      "version": "1.5.8",
      "from": "angular@1.5.8",
      "resolved": "https://registry.npmjs.org/angular/-/angular-1.5.8.tgz"
    },
    "angular-formly": {
      "version": "8.3.0",
      "from": "angular-formly@8.3.0",
      "resolved": "https://registry.npmjs.org/angular-formly/-/angular-formly-8.3.0.tgz"
    },
    "angular-utils-pagination": {
      "version": "0.11.1",
      "from": "angular-utils-pagination@0.11.1",
      "resolved": "https://registry.npmjs.org/angular-utils-pagination/-/angular-utils-pagination-0.11.1.tgz"
    },
    "angularjs-datepicker": {
      "version": "2.1.6",
      "from": "angularjs-datepicker@2.1.6",
      "resolved": "https://registry.npmjs.org/angularjs-datepicker/-/angularjs-datepicker-2.1.6.tgz"
    },
    "api-check": {
      "version": "7.5.5",
      "from": "api-check@7.5.5",
      "resolved": "https://registry.npmjs.org/api-check/-/api-check-7.5.5.tgz"
    },
    "font-awesome": {
      "version": "4.6.3",
      "from": "font-awesome@4.6.3",
      "resolved": "https://registry.npmjs.org/font-awesome/-/font-awesome-4.6.3.tgz"
    },
    "foundation-apps": {
      "version": "1.2.0",
      "from": "foundation-apps@1.2.0",
      "resolved": "https://registry.npmjs.org/foundation-apps/-/foundation-apps-1.2.0.tgz"
    },
    "jquery": {
      "version": "2.2.4",
      "from": "jquery@2.2.4",
      "resolved": "https://registry.npmjs.org/jquery/-/jquery-2.2.4.tgz"
    },
    "tooltipster": {
      "version": "4.1.4",
      "from": "tooltipster@4.1.4",
      "resolved": "https://registry.npmjs.org/tooltipster/-/tooltipster-4.1.4.tgz"
    },
    "ui-select": {
      "version": "0.19.6",
      "from": "ui-select@latest",
      "resolved": "https://registry.npmjs.org/ui-select/-/ui-select-0.19.6.tgz"
    }
  }
}
